{
  "name": "npm-snapshot",
  "version": "1.1.0",
  "lockfileVersion": 2,
  "requires": true,
  "packages": {
    "": {
      "name": "npm-snapshot",
      "version": "1.1.0",
      "license": "MIT",
      "bin": {
        "npm-snapshot": "bin/npm-snapshot"
      },
      "engines": {
        "node": ">= 4.0.0",
        "npm": ">= 2.12.0"
      }
    }
  }
}
